
Microsoft Visual Studio Solution File, Format Version 12.00
# Visual Studio Version 16
VisualStudioVersion = 16.0.30011.22
MinimumVisualStudioVersion = 10.0.40219.1
Project("{9A19103F-16F7-4668-BE54-9A1E7A4F7556}") = "updbcmd", "updbcmd\updbcmd.csproj", "{543783FB-8E72-4465-91F4-04BD3167CB24}"
EndProject
Project("{9A19103F-16F7-4668-BE54-9A1E7A4F7556}") = "updblib", "updblib\updblib.csproj", "{95CC44AD-E4E3-4D8F-81AB-F475D2391634}"
EndProject
Project("{2150E333-8FDC-42A3-9474-1A3956D46DE8}") = "Solution Items", "Solution Items", "{5C53F74E-B24A-4C06-986A-A9DFCCAFF51C}"
	ProjectSection(SolutionItems) = preProject
		Directory.Build.props = Directory.Build.props
	EndProjectSection
EndProject
Project("{2150E333-8FDC-42A3-9474-1A3956D46DE8}") = "sql", "sql", "{0EC4D1BD-FDBE-43F7-AB24-5372B09132B4}"
	ProjectSection(SolutionItems) = preProject
		sql\init-database.sql = sql\init-database.sql
	EndProjectSection
EndProject
Global
	GlobalSection(SolutionConfigurationPlatforms) = preSolution
		Debug|Any CPU = Debug|Any CPU
		Release|Any CPU = Release|Any CPU
	EndGlobalSection
	GlobalSection(ProjectConfigurationPlatforms) = postSolution
		{543783FB-8E72-4465-91F4-04BD3167CB24}.Debug|Any CPU.ActiveCfg = Debug|Any CPU
		{543783FB-8E72-4465-91F4-04BD3167CB24}.Debug|Any CPU.Build.0 = Debug|Any CPU
		{543783FB-8E72-4465-91F4-04BD3167CB24}.Release|Any CPU.ActiveCfg = Release|Any CPU
		{543783FB-8E72-4465-91F4-04BD3167CB24}.Release|Any CPU.Build.0 = Release|Any CPU
		{95CC44AD-E4E3-4D8F-81AB-F475D2391634}.Debug|Any CPU.ActiveCfg = Debug|Any CPU
		{95CC44AD-E4E3-4D8F-81AB-F475D2391634}.Debug|Any CPU.Build.0 = Debug|Any CPU
		{95CC44AD-E4E3-4D8F-81AB-F475D2391634}.Release|Any CPU.ActiveCfg = Release|Any CPU
		{95CC44AD-E4E3-4D8F-81AB-F475D2391634}.Release|Any CPU.Build.0 = Release|Any CPU
	EndGlobalSection
	GlobalSection(SolutionProperties) = preSolution
		HideSolutionNode = FALSE
	EndGlobalSection
	GlobalSection(ExtensibilityGlobals) = postSolution
		SolutionGuid = {A0D13EE8-5A48-4E32-A0FB-8599AE532DD0}
	EndGlobalSection
EndGlobal
